
Microsoft Visual Studio Solution File, Format Version 12.00
# Visual Studio Version 17
VisualStudioVersion = 17.2.32616.157
MinimumVisualStudioVersion = 10.0.40219.1
Project("{9A19103F-16F7-4668-BE54-9A1E7A4F7556}") = "Vocabulary", "Vocabulary\Vocabulary.csproj", "{B173BD7C-7E5B-464E-82DC-FE5A16F17868}"
EndProject
Project("{FAE04EC0-301F-11D3-BF4B-00C04F79EFBC}") = "DataAccess", "DataAccess\DataAccess.csproj", "{F6616587-A9F2-465D-98B6-F1184B4DA688}"
EndProject
Global
	GlobalSection(SolutionConfigurationPlatforms) = preSolution
		Debug|Any CPU = Debug|Any CPU
		Release|Any CPU = Release|Any CPU
	EndGlobalSection
	GlobalSection(ProjectConfigurationPlatforms) = postSolution
		{B173BD7C-7E5B-464E-82DC-FE5A16F17868}.Debug|Any CPU.ActiveCfg = Debug|Any CPU
		{B173BD7C-7E5B-464E-82DC-FE5A16F17868}.Debug|Any CPU.Build.0 = Debug|Any CPU
		{B173BD7C-7E5B-464E-82DC-FE5A16F17868}.Release|Any CPU.ActiveCfg = Release|Any CPU
		{B173BD7C-7E5B-464E-82DC-FE5A16F17868}.Release|Any CPU.Build.0 = Release|Any CPU
		{F6616587-A9F2-465D-98B6-F1184B4DA688}.Debug|Any CPU.ActiveCfg = Debug|Any CPU
		{F6616587-A9F2-465D-98B6-F1184B4DA688}.Debug|Any CPU.Build.0 = Debug|Any CPU
		{F6616587-A9F2-465D-98B6-F1184B4DA688}.Release|Any CPU.ActiveCfg = Release|Any CPU
		{F6616587-A9F2-465D-98B6-F1184B4DA688}.Release|Any CPU.Build.0 = Release|Any CPU
	EndGlobalSection
	GlobalSection(SolutionProperties) = preSolution
		HideSolutionNode = FALSE
	EndGlobalSection
	GlobalSection(ExtensibilityGlobals) = postSolution
		SolutionGuid = {C4696890-B07A-4EDC-9584-121A0FBDA1FF}
	EndGlobalSection
EndGlobal
